
Microsoft Visual Studio Solution File, Format Version 12.00
# Visual Studio Version 17
VisualStudioVersion = 17.1.32328.378
MinimumVisualStudioVersion = 10.0.40219.1
Project("{9A19103F-16F7-4668-BE54-9A1E7A4F7556}") = "NServiceBus.NHibernate", "NServiceBus.NHibernate\NServiceBus.NHibernate.csproj", "{281646E3-32E0-4F4D-BCF6-1DC5EFC6C268}"
EndProject
Project("{9A19103F-16F7-4668-BE54-9A1E7A4F7556}") = "NServiceBus.NHibernate.Tests", "NServiceBus.NHibernate.Tests\NServiceBus.NHibernate.Tests.csproj", "{7F6284D7-8DBE-44D3-875C-C59FC7489287}"
EndProject
Project("{9A19103F-16F7-4668-BE54-9A1E7A4F7556}") = "NServiceBus.NHibernate.AcceptanceTests", "NServiceBus.NHibernate.AcceptanceTests\NServiceBus.NHibernate.AcceptanceTests.csproj", "{8BF5E2C0-8F97-4746-9A8B-10CB38CF8B97}"
EndProject
Project("{9A19103F-16F7-4668-BE54-9A1E7A4F7556}") = "NServiceBus.NHibernate.AcceptanceTests-Oracle", "NServiceBus.NHibernate.AcceptanceTests-Oracle\NServiceBus.NHibernate.AcceptanceTests-Oracle.csproj", "{0412098A-6622-44AF-8932-C4C77E525B1F}"
EndProject
Project("{9A19103F-16F7-4668-BE54-9A1E7A4F7556}") = "NServiceBus.NHibernate.AcceptanceTests-SqlTransportTests", "NServiceBus.NHibernate.AcceptanceTests-SqlTransportTests\NServiceBus.NHibernate.AcceptanceTests-SqlTransportTests.csproj", "{40F6304C-CFA4-426F-949B-AB7E0E370C27}"
EndProject
Project("{2150E333-8FDC-42A3-9474-1A3956D46DE8}") = "Solution Items", "Solution Items", "{5B3819C2-CEAD-4184-A4F1-6EAE76DBAABC}"
	ProjectSection(SolutionItems) = preProject
		Custom.Build.props = Custom.Build.props
	EndProjectSection
EndProject
Project("{9A19103F-16F7-4668-BE54-9A1E7A4F7556}") = "NServiceBus.NHibernate.PersistenceTests", "NServiceBus.NHibernate.PersistenceTests\NServiceBus.NHibernate.PersistenceTests.csproj", "{DE0B3DF2-8BDE-46A0-B28D-E34337E8BC6E}"
EndProject
Project("{9A19103F-16F7-4668-BE54-9A1E7A4F7556}") = "NServiceBus.NHibernate.TransactionalSession", "NServiceBus.NHibernate.TransactionalSession\NServiceBus.NHibernate.TransactionalSession.csproj", "{ABF5BD3A-E821-4255-896A-6C807919568D}"
EndProject
Project("{FAE04EC0-301F-11D3-BF4B-00C04F79EFBC}") = "NServiceBus.NHibernate.TransactionalSession.AcceptanceTests", "NServiceBus.NHibernate.TransactionalSession.AcceptanceTests\NServiceBus.NHibernate.TransactionalSession.AcceptanceTests.csproj", "{281CA35B-D5D5-4F20-AA13-2BEE160F49C6}"
EndProject
Global
	GlobalSection(SolutionConfigurationPlatforms) = preSolution
		Debug|Any CPU = Debug|Any CPU
		Release|Any CPU = Release|Any CPU
	EndGlobalSection
	GlobalSection(ProjectConfigurationPlatforms) = postSolution
		{281646E3-32E0-4F4D-BCF6-1DC5EFC6C268}.Debug|Any CPU.ActiveCfg = Debug|Any CPU
		{281646E3-32E0-4F4D-BCF6-1DC5EFC6C268}.Debug|Any CPU.Build.0 = Debug|Any CPU
		{281646E3-32E0-4F4D-BCF6-1DC5EFC6C268}.Release|Any CPU.ActiveCfg = Release|Any CPU
		{281646E3-32E0-4F4D-BCF6-1DC5EFC6C268}.Release|Any CPU.Build.0 = Release|Any CPU
		{7F6284D7-8DBE-44D3-875C-C59FC7489287}.Debug|Any CPU.ActiveCfg = Debug|Any CPU
		{7F6284D7-8DBE-44D3-875C-C59FC7489287}.Debug|Any CPU.Build.0 = Debug|Any CPU
		{7F6284D7-8DBE-44D3-875C-C59FC7489287}.Release|Any CPU.ActiveCfg = Release|Any CPU
		{7F6284D7-8DBE-44D3-875C-C59FC7489287}.Release|Any CPU.Build.0 = Release|Any CPU
		{8BF5E2C0-8F97-4746-9A8B-10CB38CF8B97}.Debug|Any CPU.ActiveCfg = Debug|Any CPU
		{8BF5E2C0-8F97-4746-9A8B-10CB38CF8B97}.Debug|Any CPU.Build.0 = Debug|Any CPU
		{8BF5E2C0-8F97-4746-9A8B-10CB38CF8B97}.Release|Any CPU.ActiveCfg = Release|Any CPU
		{8BF5E2C0-8F97-4746-9A8B-10CB38CF8B97}.Release|Any CPU.Build.0 = Release|Any CPU
		{0412098A-6622-44AF-8932-C4C77E525B1F}.Debug|Any CPU.ActiveCfg = Debug|Any CPU
		{0412098A-6622-44AF-8932-C4C77E525B1F}.Debug|Any CPU.Build.0 = Debug|Any CPU
		{0412098A-6622-44AF-8932-C4C77E525B1F}.Release|Any CPU.ActiveCfg = Release|Any CPU
		{0412098A-6622-44AF-8932-C4C77E525B1F}.Release|Any CPU.Build.0 = Release|Any CPU
		{40F6304C-CFA4-426F-949B-AB7E0E370C27}.Debug|Any CPU.ActiveCfg = Debug|Any CPU
		{40F6304C-CFA4-426F-949B-AB7E0E370C27}.Debug|Any CPU.Build.0 = Debug|Any CPU
		{40F6304C-CFA4-426F-949B-AB7E0E370C27}.Release|Any CPU.ActiveCfg = Release|Any CPU
		{40F6304C-CFA4-426F-949B-AB7E0E370C27}.Release|Any CPU.Build.0 = Release|Any CPU
		{DE0B3DF2-8BDE-46A0-B28D-E34337E8BC6E}.Debug|Any CPU.ActiveCfg = Debug|Any CPU
		{DE0B3DF2-8BDE-46A0-B28D-E34337E8BC6E}.Debug|Any CPU.Build.0 = Debug|Any CPU
		{DE0B3DF2-8BDE-46A0-B28D-E34337E8BC6E}.Release|Any CPU.ActiveCfg = Release|Any CPU
		{DE0B3DF2-8BDE-46A0-B28D-E34337E8BC6E}.Release|Any CPU.Build.0 = Release|Any CPU
		{ABF5BD3A-E821-4255-896A-6C807919568D}.Debug|Any CPU.ActiveCfg = Debug|Any CPU
		{ABF5BD3A-E821-4255-896A-6C807919568D}.Debug|Any CPU.Build.0 = Debug|Any CPU
		{ABF5BD3A-E821-4255-896A-6C807919568D}.Release|Any CPU.ActiveCfg = Release|Any CPU
		{ABF5BD3A-E821-4255-896A-6C807919568D}.Release|Any CPU.Build.0 = Release|Any CPU
		{281CA35B-D5D5-4F20-AA13-2BEE160F49C6}.Debug|Any CPU.ActiveCfg = Debug|Any CPU
		{281CA35B-D5D5-4F20-AA13-2BEE160F49C6}.Debug|Any CPU.Build.0 = Debug|Any CPU
		{281CA35B-D5D5-4F20-AA13-2BEE160F49C6}.Release|Any CPU.ActiveCfg = Release|Any CPU
		{281CA35B-D5D5-4F20-AA13-2BEE160F49C6}.Release|Any CPU.Build.0 = Release|Any CPU
	EndGlobalSection
	GlobalSection(SolutionProperties) = preSolution
		HideSolutionNode = FALSE
	EndGlobalSection
	GlobalSection(ExtensibilityGlobals) = postSolution
		SolutionGuid = {6933DF0C-83E6-46B0-922B-9077CDA15C00}
	EndGlobalSection
EndGlobal
