
Microsoft Visual Studio Solution File, Format Version 12.00
# Visual Studio 2012
Project("{FAE04EC0-301F-11D3-BF4B-00C04F79EFBC}") = "NServiceBus.NHibernate", "NServiceBus.NHibernate\NServiceBus.NHibernate.csproj", "{281646E3-32E0-4F4D-BCF6-1DC5EFC6C268}"
EndProject
Project("{FAE04EC0-301F-11D3-BF4B-00C04F79EFBC}") = "NServiceBus.NHibernate.Tests", "NServiceBus.NHibernate.Tests\NServiceBus.NHibernate.Tests.csproj", "{7F6284D7-8DBE-44D3-875C-C59FC7489287}"
EndProject
Project("{FAE04EC0-301F-11D3-BF4B-00C04F79EFBC}") = "NServiceBus.NHibernate.PerformanceTests", "NServiceBus.NHibernate.PerformanceTests\NServiceBus.NHibernate.PerformanceTests.csproj", "{96467E41-F299-474C-AB0D-00B7CCD73E26}"
EndProject
Project("{FAE04EC0-301F-11D3-BF4B-00C04F79EFBC}") = "NServiceBus.NHibernate.AcceptanceTests", "NServiceBus.NHibernate.AcceptanceTests\NServiceBus.NHibernate.AcceptanceTests.csproj", "{8BF5E2C0-8F97-4746-9A8B-10CB38CF8B97}"
EndProject
Global
	GlobalSection(SolutionConfigurationPlatforms) = preSolution
		Debug|Any CPU = Debug|Any CPU
		Release|Any CPU = Release|Any CPU
	EndGlobalSection
	GlobalSection(ProjectConfigurationPlatforms) = postSolution
		{281646E3-32E0-4F4D-BCF6-1DC5EFC6C268}.Debug|Any CPU.ActiveCfg = Debug|Any CPU
		{281646E3-32E0-4F4D-BCF6-1DC5EFC6C268}.Debug|Any CPU.Build.0 = Debug|Any CPU
		{281646E3-32E0-4F4D-BCF6-1DC5EFC6C268}.Release|Any CPU.ActiveCfg = Release|Any CPU
		{281646E3-32E0-4F4D-BCF6-1DC5EFC6C268}.Release|Any CPU.Build.0 = Release|Any CPU
		{7F6284D7-8DBE-44D3-875C-C59FC7489287}.Debug|Any CPU.ActiveCfg = Debug|Any CPU
		{7F6284D7-8DBE-44D3-875C-C59FC7489287}.Debug|Any CPU.Build.0 = Debug|Any CPU
		{7F6284D7-8DBE-44D3-875C-C59FC7489287}.Release|Any CPU.ActiveCfg = Release|Any CPU
		{7F6284D7-8DBE-44D3-875C-C59FC7489287}.Release|Any CPU.Build.0 = Release|Any CPU
		{96467E41-F299-474C-AB0D-00B7CCD73E26}.Debug|Any CPU.ActiveCfg = Debug|Any CPU
		{96467E41-F299-474C-AB0D-00B7CCD73E26}.Debug|Any CPU.Build.0 = Debug|Any CPU
		{96467E41-F299-474C-AB0D-00B7CCD73E26}.Release|Any CPU.ActiveCfg = Release|Any CPU
		{96467E41-F299-474C-AB0D-00B7CCD73E26}.Release|Any CPU.Build.0 = Release|Any CPU
		{8BF5E2C0-8F97-4746-9A8B-10CB38CF8B97}.Debug|Any CPU.ActiveCfg = Debug|Any CPU
		{8BF5E2C0-8F97-4746-9A8B-10CB38CF8B97}.Debug|Any CPU.Build.0 = Debug|Any CPU
		{8BF5E2C0-8F97-4746-9A8B-10CB38CF8B97}.Release|Any CPU.ActiveCfg = Release|Any CPU
		{8BF5E2C0-8F97-4746-9A8B-10CB38CF8B97}.Release|Any CPU.Build.0 = Release|Any CPU
	EndGlobalSection
	GlobalSection(SolutionProperties) = preSolution
		HideSolutionNode = FALSE
	EndGlobalSection
EndGlobal
